
Microsoft Visual Studio Solution File, Format Version 12.00
# Visual Studio Version 17
VisualStudioVersion = 17.9.34622.214
MinimumVisualStudioVersion = 10.0.40219.1
Project("{FAE04EC0-301F-11D3-BF4B-00C04F79EFBC}") = "PB201CSharp", "PB201CSharp\PB201CSharp.csproj", "{AC622796-EEC1-4AD8-8BED-252AAE73BCCC}"
EndProject
Global
	GlobalSection(SolutionConfigurationPlatforms) = preSolution
		Debug|Any CPU = Debug|Any CPU
		Release|Any CPU = Release|Any CPU
	EndGlobalSection
	GlobalSection(ProjectConfigurationPlatforms) = postSolution
		{AC622796-EEC1-4AD8-8BED-252AAE73BCCC}.Debug|Any CPU.ActiveCfg = Debug|Any CPU
		{AC622796-EEC1-4AD8-8BED-252AAE73BCCC}.Debug|Any CPU.Build.0 = Debug|Any CPU
		{AC622796-EEC1-4AD8-8BED-252AAE73BCCC}.Release|Any CPU.ActiveCfg = Release|Any CPU
		{AC622796-EEC1-4AD8-8BED-252AAE73BCCC}.Release|Any CPU.Build.0 = Release|Any CPU
	EndGlobalSection
	GlobalSection(SolutionProperties) = preSolution
		HideSolutionNode = FALSE
	EndGlobalSection
	GlobalSection(ExtensibilityGlobals) = postSolution
		SolutionGuid = {D7746C4B-678F-49B4-9A4C-A6773B077A58}
	EndGlobalSection
EndGlobal
