
Microsoft Visual Studio Solution File, Format Version 12.00
# Visual Studio Version 17
VisualStudioVersion = 17.9.34622.214
MinimumVisualStudioVersion = 10.0.40219.1
Project("{FAE04EC0-301F-11D3-BF4B-00C04F79EFBC}") = "PB201Array", "PB201Array\PB201Array.csproj", "{B15FC62B-9A5B-4E75-B9A6-C5A5AD69CB70}"
EndProject
Global
	GlobalSection(SolutionConfigurationPlatforms) = preSolution
		Debug|Any CPU = Debug|Any CPU
		Release|Any CPU = Release|Any CPU
	EndGlobalSection
	GlobalSection(ProjectConfigurationPlatforms) = postSolution
		{B15FC62B-9A5B-4E75-B9A6-C5A5AD69CB70}.Debug|Any CPU.ActiveCfg = Debug|Any CPU
		{B15FC62B-9A5B-4E75-B9A6-C5A5AD69CB70}.Debug|Any CPU.Build.0 = Debug|Any CPU
		{B15FC62B-9A5B-4E75-B9A6-C5A5AD69CB70}.Release|Any CPU.ActiveCfg = Release|Any CPU
		{B15FC62B-9A5B-4E75-B9A6-C5A5AD69CB70}.Release|Any CPU.Build.0 = Release|Any CPU
	EndGlobalSection
	GlobalSection(SolutionProperties) = preSolution
		HideSolutionNode = FALSE
	EndGlobalSection
	GlobalSection(ExtensibilityGlobals) = postSolution
		SolutionGuid = {6A84704A-7710-489B-B7DB-6173A893E1C5}
	EndGlobalSection
EndGlobal
