
Microsoft Visual Studio Solution File, Format Version 12.00
# Visual Studio Version 17
VisualStudioVersion = 17.9.34622.214
MinimumVisualStudioVersion = 10.0.40219.1
Project("{FAE04EC0-301F-11D3-BF4B-00C04F79EFBC}") = "HomeWork", "HomeWork\HomeWork.csproj", "{4490CCCF-33A5-4CE2-B3D9-F48728F3C1DB}"
EndProject
Project("{FAE04EC0-301F-11D3-BF4B-00C04F79EFBC}") = "Helpers", "Helpers\Helpers.csproj", "{3DBDE48C-7C5D-45CB-B6C0-C50BA74E8D5F}"
EndProject
Global
	GlobalSection(SolutionConfigurationPlatforms) = preSolution
		Debug|Any CPU = Debug|Any CPU
		Release|Any CPU = Release|Any CPU
	EndGlobalSection
	GlobalSection(ProjectConfigurationPlatforms) = postSolution
		{4490CCCF-33A5-4CE2-B3D9-F48728F3C1DB}.Debug|Any CPU.ActiveCfg = Debug|Any CPU
		{4490CCCF-33A5-4CE2-B3D9-F48728F3C1DB}.Debug|Any CPU.Build.0 = Debug|Any CPU
		{4490CCCF-33A5-4CE2-B3D9-F48728F3C1DB}.Release|Any CPU.ActiveCfg = Release|Any CPU
		{4490CCCF-33A5-4CE2-B3D9-F48728F3C1DB}.Release|Any CPU.Build.0 = Release|Any CPU
		{3DBDE48C-7C5D-45CB-B6C0-C50BA74E8D5F}.Debug|Any CPU.ActiveCfg = Debug|Any CPU
		{3DBDE48C-7C5D-45CB-B6C0-C50BA74E8D5F}.Debug|Any CPU.Build.0 = Debug|Any CPU
		{3DBDE48C-7C5D-45CB-B6C0-C50BA74E8D5F}.Release|Any CPU.ActiveCfg = Release|Any CPU
		{3DBDE48C-7C5D-45CB-B6C0-C50BA74E8D5F}.Release|Any CPU.Build.0 = Release|Any CPU
	EndGlobalSection
	GlobalSection(SolutionProperties) = preSolution
		HideSolutionNode = FALSE
	EndGlobalSection
	GlobalSection(ExtensibilityGlobals) = postSolution
		SolutionGuid = {908BD225-02F1-4CF5-8AFD-E1A379CD65D2}
	EndGlobalSection
EndGlobal
