
Microsoft Visual Studio Solution File, Format Version 12.00
# Visual Studio Version 17
VisualStudioVersion = 17.9.34622.214
MinimumVisualStudioVersion = 10.0.40219.1
Project("{FAE04EC0-301F-11D3-BF4B-00C04F79EFBC}") = "PB201Encapsulation", "PB201Encapsulation\PB201Encapsulation.csproj", "{CEEAA9E3-28E1-4EE6-97F7-04E622EAFB08}"
EndProject
Project("{FAE04EC0-301F-11D3-BF4B-00C04F79EFBC}") = "PB201ClassTask", "PB201ClassTask\PB201ClassTask.csproj", "{174B35E6-FF68-4511-ABCB-DBCB5A2AF84A}"
EndProject
Project("{FAE04EC0-301F-11D3-BF4B-00C04F79EFBC}") = "LibraryBookTask", "LibraryBookTask\LibraryBookTask.csproj", "{60CB3758-B06A-41E6-B488-D032617620F0}"
EndProject
Global
	GlobalSection(SolutionConfigurationPlatforms) = preSolution
		Debug|Any CPU = Debug|Any CPU
		Release|Any CPU = Release|Any CPU
	EndGlobalSection
	GlobalSection(ProjectConfigurationPlatforms) = postSolution
		{CEEAA9E3-28E1-4EE6-97F7-04E622EAFB08}.Debug|Any CPU.ActiveCfg = Debug|Any CPU
		{CEEAA9E3-28E1-4EE6-97F7-04E622EAFB08}.Debug|Any CPU.Build.0 = Debug|Any CPU
		{CEEAA9E3-28E1-4EE6-97F7-04E622EAFB08}.Release|Any CPU.ActiveCfg = Release|Any CPU
		{CEEAA9E3-28E1-4EE6-97F7-04E622EAFB08}.Release|Any CPU.Build.0 = Release|Any CPU
		{174B35E6-FF68-4511-ABCB-DBCB5A2AF84A}.Debug|Any CPU.ActiveCfg = Debug|Any CPU
		{174B35E6-FF68-4511-ABCB-DBCB5A2AF84A}.Debug|Any CPU.Build.0 = Debug|Any CPU
		{174B35E6-FF68-4511-ABCB-DBCB5A2AF84A}.Release|Any CPU.ActiveCfg = Release|Any CPU
		{174B35E6-FF68-4511-ABCB-DBCB5A2AF84A}.Release|Any CPU.Build.0 = Release|Any CPU
		{60CB3758-B06A-41E6-B488-D032617620F0}.Debug|Any CPU.ActiveCfg = Debug|Any CPU
		{60CB3758-B06A-41E6-B488-D032617620F0}.Debug|Any CPU.Build.0 = Debug|Any CPU
		{60CB3758-B06A-41E6-B488-D032617620F0}.Release|Any CPU.ActiveCfg = Release|Any CPU
		{60CB3758-B06A-41E6-B488-D032617620F0}.Release|Any CPU.Build.0 = Release|Any CPU
	EndGlobalSection
	GlobalSection(SolutionProperties) = preSolution
		HideSolutionNode = FALSE
	EndGlobalSection
	GlobalSection(ExtensibilityGlobals) = postSolution
		SolutionGuid = {8BE92B2D-F837-4F3D-9117-B628FE9AE238}
	EndGlobalSection
EndGlobal
